
Microsoft Visual Studio Solution File, Format Version 12.00
# Visual Studio 15
VisualStudioVersion = 15.0.28010.2036
MinimumVisualStudioVersion = 10.0.40219.1
Project("{FAE04EC0-301F-11D3-BF4B-00C04F79EFBC}") = "Hasher", "Hasher\Hasher.csproj", "{359AE32B-0A0E-482B-919F-5B62F8546F58}"
EndProject
Global
	GlobalSection(SolutionConfigurationPlatforms) = preSolution
		Debug|Any CPU = Debug|Any CPU
		Release|Any CPU = Release|Any CPU
	EndGlobalSection
	GlobalSection(ProjectConfigurationPlatforms) = postSolution
		{359AE32B-0A0E-482B-919F-5B62F8546F58}.Debug|Any CPU.ActiveCfg = Debug|Any CPU
		{359AE32B-0A0E-482B-919F-5B62F8546F58}.Debug|Any CPU.Build.0 = Debug|Any CPU
		{359AE32B-0A0E-482B-919F-5B62F8546F58}.Release|Any CPU.ActiveCfg = Release|Any CPU
		{359AE32B-0A0E-482B-919F-5B62F8546F58}.Release|Any CPU.Build.0 = Release|Any CPU
	EndGlobalSection
	GlobalSection(SolutionProperties) = preSolution
		HideSolutionNode = FALSE
	EndGlobalSection
	GlobalSection(ExtensibilityGlobals) = postSolution
		SolutionGuid = {51C71E15-76B6-4EF3-BFA0-2CF67A60852D}
	EndGlobalSection
EndGlobal
